<?xml version="1.0" encoding="utf-8"?>
<Project ToolsVersion="17.0" xmlns="http://schemas.microsoft.com/developer/msbuild/2003">
  <ItemGroup>
    <ClCompile Include="C:\Users\aysem\Desktop\00\00\src\pomodoroapp\src\pomodoroapp.cpp">
      <Filter>src</Filter>
    </ClCompile>
  </ItemGroup>
  <ItemGroup>
    <ClInclude Include="C:\Users\aysem\Desktop\00\00\src\pomodoroapp\header\pomodoroapp.h">
      <Filter>header</Filter>
    </ClInclude>
  </ItemGroup>
  <ItemGroup>
    <CustomBuild Include="C:\Users\aysem\Desktop\00\00\src\pomodoroapp\CMakeLists.txt" />
  </ItemGroup>
  <ItemGroup>
    <Filter Include="header">
      <UniqueIdentifier>{1E9526C6-3BBD-384F-A8E3-6BE97B7462F8}</UniqueIdentifier>
    </Filter>
    <Filter Include="src">
      <UniqueIdentifier>{604F34BA-8988-3DA3-913B-626E89465BC3}</UniqueIdentifier>
    </Filter>
  </ItemGroup>
</Project>
